
Microsoft Visual Studio Solution File, Format Version 12.00
# Visual Studio Version 17
VisualStudioVersion = 17.14.37111.16 d17.14
MinimumVisualStudioVersion = 10.0.40219.1
Project("{FAE04EC0-301F-11D3-BF4B-00C04F79EFBC}") = "Shimmer&Shine", "Shimmer&Shine\Shimmer&Shine.csproj", "{7E9B6482-7E4F-4BCE-82E3-17B48B4AC52B}"
EndProject
Global
	GlobalSection(SolutionConfigurationPlatforms) = preSolution
		Debug|Any CPU = Debug|Any CPU
		Release|Any CPU = Release|Any CPU
	EndGlobalSection
	GlobalSection(ProjectConfigurationPlatforms) = postSolution
		{7E9B6482-7E4F-4BCE-82E3-17B48B4AC52B}.Debug|Any CPU.ActiveCfg = Debug|Any CPU
		{7E9B6482-7E4F-4BCE-82E3-17B48B4AC52B}.Debug|Any CPU.Build.0 = Debug|Any CPU
		{7E9B6482-7E4F-4BCE-82E3-17B48B4AC52B}.Release|Any CPU.ActiveCfg = Release|Any CPU
		{7E9B6482-7E4F-4BCE-82E3-17B48B4AC52B}.Release|Any CPU.Build.0 = Release|Any CPU
	EndGlobalSection
	GlobalSection(SolutionProperties) = preSolution
		HideSolutionNode = FALSE
	EndGlobalSection
	GlobalSection(ExtensibilityGlobals) = postSolution
		SolutionGuid = {75DA7B7E-9AC3-40DC-9256-C63BB12A0C4E}
	EndGlobalSection
EndGlobal
